
Microsoft Visual Studio Solution File, Format Version 12.00
# Visual Studio Version 17
VisualStudioVersion = 17.14.36915.13
MinimumVisualStudioVersion = 10.0.40219.1
Project("{FAE04EC0-301F-11D3-BF4B-00C04F79EFBC}") = "MemoryCache.Web", "MemoryCache.Web\MemoryCache.Web.csproj", "{6D56FB3C-9058-4F14-98F0-C9CD045C5C76}"
EndProject
Project("{FAE04EC0-301F-11D3-BF4B-00C04F79EFBC}") = "BusinessLogic", "BusinessLogic\BusinessLogic.csproj", "{0E276AC0-9F99-4D73-9F56-7B4D1EA9645C}"
EndProject
Project("{FAE04EC0-301F-11D3-BF4B-00C04F79EFBC}") = "DataAccess", "DataAccess\DataAccess.csproj", "{704ADC7E-AA69-4DC9-AACE-4ABBFEBB362B}"
EndProject
Global
	GlobalSection(SolutionConfigurationPlatforms) = preSolution
		Debug|Any CPU = Debug|Any CPU
		Release|Any CPU = Release|Any CPU
	EndGlobalSection
	GlobalSection(ProjectConfigurationPlatforms) = postSolution
		{6D56FB3C-9058-4F14-98F0-C9CD045C5C76}.Debug|Any CPU.ActiveCfg = Debug|Any CPU
		{6D56FB3C-9058-4F14-98F0-C9CD045C5C76}.Debug|Any CPU.Build.0 = Debug|Any CPU
		{6D56FB3C-9058-4F14-98F0-C9CD045C5C76}.Release|Any CPU.ActiveCfg = Release|Any CPU
		{6D56FB3C-9058-4F14-98F0-C9CD045C5C76}.Release|Any CPU.Build.0 = Release|Any CPU
		{0E276AC0-9F99-4D73-9F56-7B4D1EA9645C}.Debug|Any CPU.ActiveCfg = Debug|Any CPU
		{0E276AC0-9F99-4D73-9F56-7B4D1EA9645C}.Debug|Any CPU.Build.0 = Debug|Any CPU
		{0E276AC0-9F99-4D73-9F56-7B4D1EA9645C}.Release|Any CPU.ActiveCfg = Release|Any CPU
		{0E276AC0-9F99-4D73-9F56-7B4D1EA9645C}.Release|Any CPU.Build.0 = Release|Any CPU
		{704ADC7E-AA69-4DC9-AACE-4ABBFEBB362B}.Debug|Any CPU.ActiveCfg = Debug|Any CPU
		{704ADC7E-AA69-4DC9-AACE-4ABBFEBB362B}.Debug|Any CPU.Build.0 = Debug|Any CPU
		{704ADC7E-AA69-4DC9-AACE-4ABBFEBB362B}.Release|Any CPU.ActiveCfg = Release|Any CPU
		{704ADC7E-AA69-4DC9-AACE-4ABBFEBB362B}.Release|Any CPU.Build.0 = Release|Any CPU
	EndGlobalSection
	GlobalSection(SolutionProperties) = preSolution
		HideSolutionNode = FALSE
	EndGlobalSection
	GlobalSection(ExtensibilityGlobals) = postSolution
		SolutionGuid = {CF636124-5C46-4B26-847D-DA8458758B2A}
	EndGlobalSection
EndGlobal
